
Microsoft Visual Studio Solution File, Format Version 12.00
# Visual Studio Version 17
VisualStudioVersion = 17.2.32630.192
MinimumVisualStudioVersion = 10.0.40219.1
Project("{9A19103F-16F7-4668-BE54-9A1E7A4F7556}") = "R5T.S0091", "R5T.S0091\R5T.S0091.csproj", "{77DA4CD3-7F66-4105-AF7F-0769EE02D734}"
EndProject
Project("{2150E333-8FDC-42A3-9474-1A3956D46DE8}") = "_Dependencies", "_Dependencies", "{89D6FE58-0456-4C14-9582-241823E16135}"
EndProject
Project("{9A19103F-16F7-4668-BE54-9A1E7A4F7556}") = "R5T.F0000", "..\..\R5T.F0000\source\R5T.F0000\R5T.F0000.csproj", "{3560C20C-8BA5-41B9-933D-CE225EA11CAA}"
EndProject
Project("{9A19103F-16F7-4668-BE54-9A1E7A4F7556}") = "R5T.F0002", "..\..\R5T.F0002\source\R5T.F0002\R5T.F0002.csproj", "{F03E78F4-64ED-4F49-9DCB-32BF70687291}"
EndProject
Project("{9A19103F-16F7-4668-BE54-9A1E7A4F7556}") = "R5T.F0120", "..\..\R5T.F0120\source\R5T.F0120\R5T.F0120.csproj", "{AC88AB2D-90C6-4ADA-9887-2B0B21C02FF5}"
EndProject
Project("{9A19103F-16F7-4668-BE54-9A1E7A4F7556}") = "R5T.F0124", "..\..\R5T.F0124\source\R5T.F0124\R5T.F0124.csproj", "{D28AE124-3138-49F7-9FFA-64E72397EA2E}"
EndProject
Project("{9A19103F-16F7-4668-BE54-9A1E7A4F7556}") = "R5T.F0125", "..\..\R5T.F0125\source\R5T.F0125\R5T.F0125.csproj", "{BA1810A5-CF66-43D0-86B6-645260F10966}"
EndProject
Project("{9A19103F-16F7-4668-BE54-9A1E7A4F7556}") = "R5T.L0030.T000", "..\..\R5T.L0030\source\R5T.L0030.T000\R5T.L0030.T000.csproj", "{43A17B39-AB43-44A8-805F-36C51340F1D4}"
EndProject
Project("{9A19103F-16F7-4668-BE54-9A1E7A4F7556}") = "R5T.L0030", "..\..\R5T.L0030\source\R5T.L0030\R5T.L0030.csproj", "{FF79E305-6C1B-4730-AA22-6401E110C807}"
EndProject
Project("{9A19103F-16F7-4668-BE54-9A1E7A4F7556}") = "R5T.L0034", "..\..\R5T.L0034\source\R5T.L0034\R5T.L0034.csproj", "{984EBAA7-0E08-4D25-AD35-BE7FA2706A21}"
EndProject
Project("{9A19103F-16F7-4668-BE54-9A1E7A4F7556}") = "R5T.L0035", "..\..\R5T.L0035\source\R5T.L0035\R5T.L0035.csproj", "{B4423E32-2566-427F-85EC-6C047F293C56}"
EndProject
Project("{9A19103F-16F7-4668-BE54-9A1E7A4F7556}") = "R5T.L0049", "..\..\R5T.L0049\source\R5T.L0049\R5T.L0049.csproj", "{1016139B-7044-4FD8-A6DD-615DB667EAD8}"
EndProject
Project("{9A19103F-16F7-4668-BE54-9A1E7A4F7556}") = "R5T.NG0022", "..\..\R5T.NG0022\source\R5T.NG0022\R5T.NG0022.csproj", "{DAE46DF7-3578-47A7-9AFF-A95B67E20F41}"
EndProject
Project("{9A19103F-16F7-4668-BE54-9A1E7A4F7556}") = "R5T.T0131", "..\..\R5T.T0131\source\R5T.T0131\R5T.T0131.csproj", "{E7B723E9-43B9-49A3-8E45-21F964DD8EF6}"
EndProject
Project("{9A19103F-16F7-4668-BE54-9A1E7A4F7556}") = "R5T.T0132", "..\..\R5T.T0132\source\R5T.T0132\R5T.T0132.csproj", "{68B3E48D-6E97-4655-B8FE-970FA30B1F7A}"
EndProject
Project("{9A19103F-16F7-4668-BE54-9A1E7A4F7556}") = "R5T.T0142", "..\..\R5T.T0142\source\R5T.T0142\R5T.T0142.csproj", "{4BD04438-B51F-4405-BC71-CD1B6CF1CB34}"
EndProject
Project("{9A19103F-16F7-4668-BE54-9A1E7A4F7556}") = "R5T.T0143", "..\..\R5T.T0143\source\R5T.T0143\R5T.T0143.csproj", "{F24C10F2-7395-4879-BB5D-D0D5CDBA2D91}"
EndProject
Project("{9A19103F-16F7-4668-BE54-9A1E7A4F7556}") = "R5T.T0156", "..\..\R5T.T0156\source\R5T.T0156\R5T.T0156.csproj", "{232B69BD-239F-4133-822E-32AE856DA975}"
EndProject
Project("{9A19103F-16F7-4668-BE54-9A1E7A4F7556}") = "R5T.T0174", "..\..\R5T.T0174\source\R5T.T0174\R5T.T0174.csproj", "{0DE261E0-4A4D-4EEF-AE1A-BA54DF1520E4}"
EndProject
Project("{9A19103F-16F7-4668-BE54-9A1E7A4F7556}") = "R5T.T0176", "..\..\R5T.T0176\source\R5T.T0176\R5T.T0176.csproj", "{E13A816F-F672-448A-80D7-FB34FFB2AF54}"
EndProject
Project("{9A19103F-16F7-4668-BE54-9A1E7A4F7556}") = "R5T.T0177", "..\..\R5T.T0177\source\R5T.T0177\R5T.T0177.csproj", "{534BD4EE-AAD8-4A79-A169-57AFB48E4B02}"
EndProject
Project("{9A19103F-16F7-4668-BE54-9A1E7A4F7556}") = "R5T.T0178", "..\..\R5T.T0178\source\R5T.T0178\R5T.T0178.csproj", "{C95D2735-E54F-4070-8D7D-0CC66485071E}"
EndProject
Project("{9A19103F-16F7-4668-BE54-9A1E7A4F7556}") = "R5T.T0179", "..\..\R5T.T0179\source\R5T.T0179\R5T.T0179.csproj", "{18D9176F-5CA9-455B-8EC0-AF5E0DFA640F}"
EndProject
Project("{9A19103F-16F7-4668-BE54-9A1E7A4F7556}") = "R5T.T0180", "..\..\R5T.T0180\source\R5T.T0180\R5T.T0180.csproj", "{ED48CB37-BA12-4C3F-9DAE-00414A63C53E}"
EndProject
Project("{9A19103F-16F7-4668-BE54-9A1E7A4F7556}") = "R5T.T0181", "..\..\R5T.T0181\source\R5T.T0181\R5T.T0181.csproj", "{B8BF119F-27E4-4A9F-ABEB-226B330DEFA8}"
EndProject
Project("{9A19103F-16F7-4668-BE54-9A1E7A4F7556}") = "R5T.T0185", "..\..\R5T.T0185\source\R5T.T0185\R5T.T0185.csproj", "{B2046A04-7DC8-4EA3-A120-99D760E0FC4B}"
EndProject
Project("{9A19103F-16F7-4668-BE54-9A1E7A4F7556}") = "R5T.T0199", "..\..\R5T.T0199\source\R5T.T0199\R5T.T0199.csproj", "{F3A56B9C-8650-4E04-BC80-1D6504221AFA}"
EndProject
Project("{9A19103F-16F7-4668-BE54-9A1E7A4F7556}") = "R5T.T0203", "..\..\R5T.T0203\source\R5T.T0203\R5T.T0203.csproj", "{CDEB2602-80B3-48D7-8691-931D865EDE38}"
EndProject
Project("{9A19103F-16F7-4668-BE54-9A1E7A4F7556}") = "R5T.T0220", "..\..\R5T.T0220\source\R5T.T0220\R5T.T0220.csproj", "{923433B9-4B7B-482A-84A2-BD51EAAA43F5}"
EndProject
Project("{9A19103F-16F7-4668-BE54-9A1E7A4F7556}") = "R5T.T0221", "..\..\R5T.T0221\source\R5T.T0221\R5T.T0221.csproj", "{207D8998-3FEF-4806-8393-DA5BEE561953}"
EndProject
Project("{9A19103F-16F7-4668-BE54-9A1E7A4F7556}") = "R5T.Y0000", "..\..\R5T.Y0000\source\R5T.Y0000\R5T.Y0000.csproj", "{CC67E39D-46F3-4C2D-BAE1-02F9BA4BFB1A}"
EndProject
Project("{9A19103F-16F7-4668-BE54-9A1E7A4F7556}") = "R5T.Z0000", "..\..\R5T.Z0000\source\R5T.Z0000\R5T.Z0000.csproj", "{C86CFEB5-2932-4DA1-8B32-00EFA7992DFA}"
EndProject
Project("{9A19103F-16F7-4668-BE54-9A1E7A4F7556}") = "R5T.T0141", "..\..\R5T.T0141\source\R5T.T0141\R5T.T0141.csproj", "{B83E9E3B-BFBC-44D6-88F5-A152795B172B}"
EndProject
Project("{9A19103F-16F7-4668-BE54-9A1E7A4F7556}") = "R5T.Z0015", "..\..\R5T.Z0015\source\R5T.Z0015\R5T.Z0015.csproj", "{2D589076-E08C-476F-9BD5-95542C34197C}"
EndProject
Project("{9A19103F-16F7-4668-BE54-9A1E7A4F7556}") = "R5T.F0033", "..\..\R5T.F0033\source\R5T.F0033\R5T.F0033.csproj", "{C898286F-DE3A-4000-BEF7-12894925DC7B}"
EndProject
Global
	GlobalSection(NestedProjects) = preSolution
		{3560C20C-8BA5-41B9-933D-CE225EA11CAA} = {89D6FE58-0456-4C14-9582-241823E16135}
		{F03E78F4-64ED-4F49-9DCB-32BF70687291} = {89D6FE58-0456-4C14-9582-241823E16135}
		{AC88AB2D-90C6-4ADA-9887-2B0B21C02FF5} = {89D6FE58-0456-4C14-9582-241823E16135}
		{D28AE124-3138-49F7-9FFA-64E72397EA2E} = {89D6FE58-0456-4C14-9582-241823E16135}
		{BA1810A5-CF66-43D0-86B6-645260F10966} = {89D6FE58-0456-4C14-9582-241823E16135}
		{43A17B39-AB43-44A8-805F-36C51340F1D4} = {89D6FE58-0456-4C14-9582-241823E16135}
		{FF79E305-6C1B-4730-AA22-6401E110C807} = {89D6FE58-0456-4C14-9582-241823E16135}
		{984EBAA7-0E08-4D25-AD35-BE7FA2706A21} = {89D6FE58-0456-4C14-9582-241823E16135}
		{B4423E32-2566-427F-85EC-6C047F293C56} = {89D6FE58-0456-4C14-9582-241823E16135}
		{1016139B-7044-4FD8-A6DD-615DB667EAD8} = {89D6FE58-0456-4C14-9582-241823E16135}
		{DAE46DF7-3578-47A7-9AFF-A95B67E20F41} = {89D6FE58-0456-4C14-9582-241823E16135}
		{E7B723E9-43B9-49A3-8E45-21F964DD8EF6} = {89D6FE58-0456-4C14-9582-241823E16135}
		{68B3E48D-6E97-4655-B8FE-970FA30B1F7A} = {89D6FE58-0456-4C14-9582-241823E16135}
		{4BD04438-B51F-4405-BC71-CD1B6CF1CB34} = {89D6FE58-0456-4C14-9582-241823E16135}
		{F24C10F2-7395-4879-BB5D-D0D5CDBA2D91} = {89D6FE58-0456-4C14-9582-241823E16135}
		{232B69BD-239F-4133-822E-32AE856DA975} = {89D6FE58-0456-4C14-9582-241823E16135}
		{0DE261E0-4A4D-4EEF-AE1A-BA54DF1520E4} = {89D6FE58-0456-4C14-9582-241823E16135}
		{E13A816F-F672-448A-80D7-FB34FFB2AF54} = {89D6FE58-0456-4C14-9582-241823E16135}
		{534BD4EE-AAD8-4A79-A169-57AFB48E4B02} = {89D6FE58-0456-4C14-9582-241823E16135}
		{C95D2735-E54F-4070-8D7D-0CC66485071E} = {89D6FE58-0456-4C14-9582-241823E16135}
		{18D9176F-5CA9-455B-8EC0-AF5E0DFA640F} = {89D6FE58-0456-4C14-9582-241823E16135}
		{ED48CB37-BA12-4C3F-9DAE-00414A63C53E} = {89D6FE58-0456-4C14-9582-241823E16135}
		{B8BF119F-27E4-4A9F-ABEB-226B330DEFA8} = {89D6FE58-0456-4C14-9582-241823E16135}
		{B2046A04-7DC8-4EA3-A120-99D760E0FC4B} = {89D6FE58-0456-4C14-9582-241823E16135}
		{F3A56B9C-8650-4E04-BC80-1D6504221AFA} = {89D6FE58-0456-4C14-9582-241823E16135}
		{CDEB2602-80B3-48D7-8691-931D865EDE38} = {89D6FE58-0456-4C14-9582-241823E16135}
		{923433B9-4B7B-482A-84A2-BD51EAAA43F5} = {89D6FE58-0456-4C14-9582-241823E16135}
		{207D8998-3FEF-4806-8393-DA5BEE561953} = {89D6FE58-0456-4C14-9582-241823E16135}
		{CC67E39D-46F3-4C2D-BAE1-02F9BA4BFB1A} = {89D6FE58-0456-4C14-9582-241823E16135}
		{C86CFEB5-2932-4DA1-8B32-00EFA7992DFA} = {89D6FE58-0456-4C14-9582-241823E16135}
		{B83E9E3B-BFBC-44D6-88F5-A152795B172B} = {89D6FE58-0456-4C14-9582-241823E16135}
		{2D589076-E08C-476F-9BD5-95542C34197C} = {89D6FE58-0456-4C14-9582-241823E16135}
		{C898286F-DE3A-4000-BEF7-12894925DC7B} = {89D6FE58-0456-4C14-9582-241823E16135}
	EndGlobalSection
	GlobalSection(SolutionConfigurationPlatforms) = preSolution
		Debug|Any CPU = Debug|Any CPU
		Release|Any CPU = Release|Any CPU
	EndGlobalSection
	GlobalSection(ProjectConfigurationPlatforms) = postSolution
		{77DA4CD3-7F66-4105-AF7F-0769EE02D734}.Debug|Any CPU.ActiveCfg = Debug|Any CPU
		{77DA4CD3-7F66-4105-AF7F-0769EE02D734}.Debug|Any CPU.Build.0 = Debug|Any CPU
		{77DA4CD3-7F66-4105-AF7F-0769EE02D734}.Release|Any CPU.ActiveCfg = Release|Any CPU
		{77DA4CD3-7F66-4105-AF7F-0769EE02D734}.Release|Any CPU.Build.0 = Release|Any CPU
		{3560C20C-8BA5-41B9-933D-CE225EA11CAA}.Debug|Any CPU.ActiveCfg = Debug|Any CPU
		{3560C20C-8BA5-41B9-933D-CE225EA11CAA}.Debug|Any CPU.Build.0 = Debug|Any CPU
		{3560C20C-8BA5-41B9-933D-CE225EA11CAA}.Release|Any CPU.ActiveCfg = Release|Any CPU
		{3560C20C-8BA5-41B9-933D-CE225EA11CAA}.Release|Any CPU.Build.0 = Release|Any CPU
		{F03E78F4-64ED-4F49-9DCB-32BF70687291}.Debug|Any CPU.ActiveCfg = Debug|Any CPU
		{F03E78F4-64ED-4F49-9DCB-32BF70687291}.Debug|Any CPU.Build.0 = Debug|Any CPU
		{F03E78F4-64ED-4F49-9DCB-32BF70687291}.Release|Any CPU.ActiveCfg = Release|Any CPU
		{F03E78F4-64ED-4F49-9DCB-32BF70687291}.Release|Any CPU.Build.0 = Release|Any CPU
		{AC88AB2D-90C6-4ADA-9887-2B0B21C02FF5}.Debug|Any CPU.ActiveCfg = Debug|Any CPU
		{AC88AB2D-90C6-4ADA-9887-2B0B21C02FF5}.Debug|Any CPU.Build.0 = Debug|Any CPU
		{AC88AB2D-90C6-4ADA-9887-2B0B21C02FF5}.Release|Any CPU.ActiveCfg = Release|Any CPU
		{AC88AB2D-90C6-4ADA-9887-2B0B21C02FF5}.Release|Any CPU.Build.0 = Release|Any CPU
		{D28AE124-3138-49F7-9FFA-64E72397EA2E}.Debug|Any CPU.ActiveCfg = Debug|Any CPU
		{D28AE124-3138-49F7-9FFA-64E72397EA2E}.Debug|Any CPU.Build.0 = Debug|Any CPU
		{D28AE124-3138-49F7-9FFA-64E72397EA2E}.Release|Any CPU.ActiveCfg = Release|Any CPU
		{D28AE124-3138-49F7-9FFA-64E72397EA2E}.Release|Any CPU.Build.0 = Release|Any CPU
		{BA1810A5-CF66-43D0-86B6-645260F10966}.Debug|Any CPU.ActiveCfg = Debug|Any CPU
		{BA1810A5-CF66-43D0-86B6-645260F10966}.Debug|Any CPU.Build.0 = Debug|Any CPU
		{BA1810A5-CF66-43D0-86B6-645260F10966}.Release|Any CPU.ActiveCfg = Release|Any CPU
		{BA1810A5-CF66-43D0-86B6-645260F10966}.Release|Any CPU.Build.0 = Release|Any CPU
		{43A17B39-AB43-44A8-805F-36C51340F1D4}.Debug|Any CPU.ActiveCfg = Debug|Any CPU
		{43A17B39-AB43-44A8-805F-36C51340F1D4}.Debug|Any CPU.Build.0 = Debug|Any CPU
		{43A17B39-AB43-44A8-805F-36C51340F1D4}.Release|Any CPU.ActiveCfg = Release|Any CPU
		{43A17B39-AB43-44A8-805F-36C51340F1D4}.Release|Any CPU.Build.0 = Release|Any CPU
		{FF79E305-6C1B-4730-AA22-6401E110C807}.Debug|Any CPU.ActiveCfg = Debug|Any CPU
		{FF79E305-6C1B-4730-AA22-6401E110C807}.Debug|Any CPU.Build.0 = Debug|Any CPU
		{FF79E305-6C1B-4730-AA22-6401E110C807}.Release|Any CPU.ActiveCfg = Release|Any CPU
		{FF79E305-6C1B-4730-AA22-6401E110C807}.Release|Any CPU.Build.0 = Release|Any CPU
		{984EBAA7-0E08-4D25-AD35-BE7FA2706A21}.Debug|Any CPU.ActiveCfg = Debug|Any CPU
		{984EBAA7-0E08-4D25-AD35-BE7FA2706A21}.Debug|Any CPU.Build.0 = Debug|Any CPU
		{984EBAA7-0E08-4D25-AD35-BE7FA2706A21}.Release|Any CPU.ActiveCfg = Release|Any CPU
		{984EBAA7-0E08-4D25-AD35-BE7FA2706A21}.Release|Any CPU.Build.0 = Release|Any CPU
		{B4423E32-2566-427F-85EC-6C047F293C56}.Debug|Any CPU.ActiveCfg = Debug|Any CPU
		{B4423E32-2566-427F-85EC-6C047F293C56}.Debug|Any CPU.Build.0 = Debug|Any CPU
		{B4423E32-2566-427F-85EC-6C047F293C56}.Release|Any CPU.ActiveCfg = Release|Any CPU
		{B4423E32-2566-427F-85EC-6C047F293C56}.Release|Any CPU.Build.0 = Release|Any CPU
		{1016139B-7044-4FD8-A6DD-615DB667EAD8}.Debug|Any CPU.ActiveCfg = Debug|Any CPU
		{1016139B-7044-4FD8-A6DD-615DB667EAD8}.Debug|Any CPU.Build.0 = Debug|Any CPU
		{1016139B-7044-4FD8-A6DD-615DB667EAD8}.Release|Any CPU.ActiveCfg = Release|Any CPU
		{1016139B-7044-4FD8-A6DD-615DB667EAD8}.Release|Any CPU.Build.0 = Release|Any CPU
		{DAE46DF7-3578-47A7-9AFF-A95B67E20F41}.Debug|Any CPU.ActiveCfg = Debug|Any CPU
		{DAE46DF7-3578-47A7-9AFF-A95B67E20F41}.Debug|Any CPU.Build.0 = Debug|Any CPU
		{DAE46DF7-3578-47A7-9AFF-A95B67E20F41}.Release|Any CPU.ActiveCfg = Release|Any CPU
		{DAE46DF7-3578-47A7-9AFF-A95B67E20F41}.Release|Any CPU.Build.0 = Release|Any CPU
		{E7B723E9-43B9-49A3-8E45-21F964DD8EF6}.Debug|Any CPU.ActiveCfg = Debug|Any CPU
		{E7B723E9-43B9-49A3-8E45-21F964DD8EF6}.Debug|Any CPU.Build.0 = Debug|Any CPU
		{E7B723E9-43B9-49A3-8E45-21F964DD8EF6}.Release|Any CPU.ActiveCfg = Release|Any CPU
		{E7B723E9-43B9-49A3-8E45-21F964DD8EF6}.Release|Any CPU.Build.0 = Release|Any CPU
		{68B3E48D-6E97-4655-B8FE-970FA30B1F7A}.Debug|Any CPU.ActiveCfg = Debug|Any CPU
		{68B3E48D-6E97-4655-B8FE-970FA30B1F7A}.Debug|Any CPU.Build.0 = Debug|Any CPU
		{68B3E48D-6E97-4655-B8FE-970FA30B1F7A}.Release|Any CPU.ActiveCfg = Release|Any CPU
		{68B3E48D-6E97-4655-B8FE-970FA30B1F7A}.Release|Any CPU.Build.0 = Release|Any CPU
		{4BD04438-B51F-4405-BC71-CD1B6CF1CB34}.Debug|Any CPU.ActiveCfg = Debug|Any CPU
		{4BD04438-B51F-4405-BC71-CD1B6CF1CB34}.Debug|Any CPU.Build.0 = Debug|Any CPU
		{4BD04438-B51F-4405-BC71-CD1B6CF1CB34}.Release|Any CPU.ActiveCfg = Release|Any CPU
		{4BD04438-B51F-4405-BC71-CD1B6CF1CB34}.Release|Any CPU.Build.0 = Release|Any CPU
		{F24C10F2-7395-4879-BB5D-D0D5CDBA2D91}.Debug|Any CPU.ActiveCfg = Debug|Any CPU
		{F24C10F2-7395-4879-BB5D-D0D5CDBA2D91}.Debug|Any CPU.Build.0 = Debug|Any CPU
		{F24C10F2-7395-4879-BB5D-D0D5CDBA2D91}.Release|Any CPU.ActiveCfg = Release|Any CPU
		{F24C10F2-7395-4879-BB5D-D0D5CDBA2D91}.Release|Any CPU.Build.0 = Release|Any CPU
		{232B69BD-239F-4133-822E-32AE856DA975}.Debug|Any CPU.ActiveCfg = Debug|Any CPU
		{232B69BD-239F-4133-822E-32AE856DA975}.Debug|Any CPU.Build.0 = Debug|Any CPU
		{232B69BD-239F-4133-822E-32AE856DA975}.Release|Any CPU.ActiveCfg = Release|Any CPU
		{232B69BD-239F-4133-822E-32AE856DA975}.Release|Any CPU.Build.0 = Release|Any CPU
		{0DE261E0-4A4D-4EEF-AE1A-BA54DF1520E4}.Debug|Any CPU.ActiveCfg = Debug|Any CPU
		{0DE261E0-4A4D-4EEF-AE1A-BA54DF1520E4}.Debug|Any CPU.Build.0 = Debug|Any CPU
		{0DE261E0-4A4D-4EEF-AE1A-BA54DF1520E4}.Release|Any CPU.ActiveCfg = Release|Any CPU
		{0DE261E0-4A4D-4EEF-AE1A-BA54DF1520E4}.Release|Any CPU.Build.0 = Release|Any CPU
		{E13A816F-F672-448A-80D7-FB34FFB2AF54}.Debug|Any CPU.ActiveCfg = Debug|Any CPU
		{E13A816F-F672-448A-80D7-FB34FFB2AF54}.Debug|Any CPU.Build.0 = Debug|Any CPU
		{E13A816F-F672-448A-80D7-FB34FFB2AF54}.Release|Any CPU.ActiveCfg = Release|Any CPU
		{E13A816F-F672-448A-80D7-FB34FFB2AF54}.Release|Any CPU.Build.0 = Release|Any CPU
		{534BD4EE-AAD8-4A79-A169-57AFB48E4B02}.Debug|Any CPU.ActiveCfg = Debug|Any CPU
		{534BD4EE-AAD8-4A79-A169-57AFB48E4B02}.Debug|Any CPU.Build.0 = Debug|Any CPU
		{534BD4EE-AAD8-4A79-A169-57AFB48E4B02}.Release|Any CPU.ActiveCfg = Release|Any CPU
		{534BD4EE-AAD8-4A79-A169-57AFB48E4B02}.Release|Any CPU.Build.0 = Release|Any CPU
		{C95D2735-E54F-4070-8D7D-0CC66485071E}.Debug|Any CPU.ActiveCfg = Debug|Any CPU
		{C95D2735-E54F-4070-8D7D-0CC66485071E}.Debug|Any CPU.Build.0 = Debug|Any CPU
		{C95D2735-E54F-4070-8D7D-0CC66485071E}.Release|Any CPU.ActiveCfg = Release|Any CPU
		{C95D2735-E54F-4070-8D7D-0CC66485071E}.Release|Any CPU.Build.0 = Release|Any CPU
		{18D9176F-5CA9-455B-8EC0-AF5E0DFA640F}.Debug|Any CPU.ActiveCfg = Debug|Any CPU
		{18D9176F-5CA9-455B-8EC0-AF5E0DFA640F}.Debug|Any CPU.Build.0 = Debug|Any CPU
		{18D9176F-5CA9-455B-8EC0-AF5E0DFA640F}.Release|Any CPU.ActiveCfg = Release|Any CPU
		{18D9176F-5CA9-455B-8EC0-AF5E0DFA640F}.Release|Any CPU.Build.0 = Release|Any CPU
		{ED48CB37-BA12-4C3F-9DAE-00414A63C53E}.Debug|Any CPU.ActiveCfg = Debug|Any CPU
		{ED48CB37-BA12-4C3F-9DAE-00414A63C53E}.Debug|Any CPU.Build.0 = Debug|Any CPU
		{ED48CB37-BA12-4C3F-9DAE-00414A63C53E}.Release|Any CPU.ActiveCfg = Release|Any CPU
		{ED48CB37-BA12-4C3F-9DAE-00414A63C53E}.Release|Any CPU.Build.0 = Release|Any CPU
		{B8BF119F-27E4-4A9F-ABEB-226B330DEFA8}.Debug|Any CPU.ActiveCfg = Debug|Any CPU
		{B8BF119F-27E4-4A9F-ABEB-226B330DEFA8}.Debug|Any CPU.Build.0 = Debug|Any CPU
		{B8BF119F-27E4-4A9F-ABEB-226B330DEFA8}.Release|Any CPU.ActiveCfg = Release|Any CPU
		{B8BF119F-27E4-4A9F-ABEB-226B330DEFA8}.Release|Any CPU.Build.0 = Release|Any CPU
		{B2046A04-7DC8-4EA3-A120-99D760E0FC4B}.Debug|Any CPU.ActiveCfg = Debug|Any CPU
		{B2046A04-7DC8-4EA3-A120-99D760E0FC4B}.Debug|Any CPU.Build.0 = Debug|Any CPU
		{B2046A04-7DC8-4EA3-A120-99D760E0FC4B}.Release|Any CPU.ActiveCfg = Release|Any CPU
		{B2046A04-7DC8-4EA3-A120-99D760E0FC4B}.Release|Any CPU.Build.0 = Release|Any CPU
		{F3A56B9C-8650-4E04-BC80-1D6504221AFA}.Debug|Any CPU.ActiveCfg = Debug|Any CPU
		{F3A56B9C-8650-4E04-BC80-1D6504221AFA}.Debug|Any CPU.Build.0 = Debug|Any CPU
		{F3A56B9C-8650-4E04-BC80-1D6504221AFA}.Release|Any CPU.ActiveCfg = Release|Any CPU
		{F3A56B9C-8650-4E04-BC80-1D6504221AFA}.Release|Any CPU.Build.0 = Release|Any CPU
		{CDEB2602-80B3-48D7-8691-931D865EDE38}.Debug|Any CPU.ActiveCfg = Debug|Any CPU
		{CDEB2602-80B3-48D7-8691-931D865EDE38}.Debug|Any CPU.Build.0 = Debug|Any CPU
		{CDEB2602-80B3-48D7-8691-931D865EDE38}.Release|Any CPU.ActiveCfg = Release|Any CPU
		{CDEB2602-80B3-48D7-8691-931D865EDE38}.Release|Any CPU.Build.0 = Release|Any CPU
		{923433B9-4B7B-482A-84A2-BD51EAAA43F5}.Debug|Any CPU.ActiveCfg = Debug|Any CPU
		{923433B9-4B7B-482A-84A2-BD51EAAA43F5}.Debug|Any CPU.Build.0 = Debug|Any CPU
		{923433B9-4B7B-482A-84A2-BD51EAAA43F5}.Release|Any CPU.ActiveCfg = Release|Any CPU
		{923433B9-4B7B-482A-84A2-BD51EAAA43F5}.Release|Any CPU.Build.0 = Release|Any CPU
		{207D8998-3FEF-4806-8393-DA5BEE561953}.Debug|Any CPU.ActiveCfg = Debug|Any CPU
		{207D8998-3FEF-4806-8393-DA5BEE561953}.Debug|Any CPU.Build.0 = Debug|Any CPU
		{207D8998-3FEF-4806-8393-DA5BEE561953}.Release|Any CPU.ActiveCfg = Release|Any CPU
		{207D8998-3FEF-4806-8393-DA5BEE561953}.Release|Any CPU.Build.0 = Release|Any CPU
		{CC67E39D-46F3-4C2D-BAE1-02F9BA4BFB1A}.Debug|Any CPU.ActiveCfg = Debug|Any CPU
		{CC67E39D-46F3-4C2D-BAE1-02F9BA4BFB1A}.Debug|Any CPU.Build.0 = Debug|Any CPU
		{CC67E39D-46F3-4C2D-BAE1-02F9BA4BFB1A}.Release|Any CPU.ActiveCfg = Release|Any CPU
		{CC67E39D-46F3-4C2D-BAE1-02F9BA4BFB1A}.Release|Any CPU.Build.0 = Release|Any CPU
		{C86CFEB5-2932-4DA1-8B32-00EFA7992DFA}.Debug|Any CPU.ActiveCfg = Debug|Any CPU
		{C86CFEB5-2932-4DA1-8B32-00EFA7992DFA}.Debug|Any CPU.Build.0 = Debug|Any CPU
		{C86CFEB5-2932-4DA1-8B32-00EFA7992DFA}.Release|Any CPU.ActiveCfg = Release|Any CPU
		{C86CFEB5-2932-4DA1-8B32-00EFA7992DFA}.Release|Any CPU.Build.0 = Release|Any CPU
		{B83E9E3B-BFBC-44D6-88F5-A152795B172B}.Debug|Any CPU.ActiveCfg = Debug|Any CPU
		{B83E9E3B-BFBC-44D6-88F5-A152795B172B}.Debug|Any CPU.Build.0 = Debug|Any CPU
		{B83E9E3B-BFBC-44D6-88F5-A152795B172B}.Release|Any CPU.ActiveCfg = Release|Any CPU
		{B83E9E3B-BFBC-44D6-88F5-A152795B172B}.Release|Any CPU.Build.0 = Release|Any CPU
		{2D589076-E08C-476F-9BD5-95542C34197C}.Debug|Any CPU.ActiveCfg = Debug|Any CPU
		{2D589076-E08C-476F-9BD5-95542C34197C}.Debug|Any CPU.Build.0 = Debug|Any CPU
		{2D589076-E08C-476F-9BD5-95542C34197C}.Release|Any CPU.ActiveCfg = Release|Any CPU
		{2D589076-E08C-476F-9BD5-95542C34197C}.Release|Any CPU.Build.0 = Release|Any CPU
		{C898286F-DE3A-4000-BEF7-12894925DC7B}.Debug|Any CPU.ActiveCfg = Debug|Any CPU
		{C898286F-DE3A-4000-BEF7-12894925DC7B}.Debug|Any CPU.Build.0 = Debug|Any CPU
		{C898286F-DE3A-4000-BEF7-12894925DC7B}.Release|Any CPU.ActiveCfg = Release|Any CPU
		{C898286F-DE3A-4000-BEF7-12894925DC7B}.Release|Any CPU.Build.0 = Release|Any CPU
	EndGlobalSection
	GlobalSection(SolutionProperties) = preSolution
		HideSolutionNode = FALSE
	EndGlobalSection
	GlobalSection(ExtensibilityGlobals) = postSolution
		SolutionGuid = {215156C0-3865-4718-9E61-054EF781F761}
	EndGlobalSection
EndGlobal
